
Microsoft Visual Studio Solution File, Format Version 12.00
# Visual Studio Version 17
VisualStudioVersion = 17.1.31911.260
MinimumVisualStudioVersion = 10.0.40219.1
Project("{FAE04EC0-301F-11D3-BF4B-00C04F79EFBC}") = "lab2", "lab2\lab2.csproj", "{1D784885-B7C5-474E-BD4A-275D6C9FFF38}"
EndProject
Global
	GlobalSection(SolutionConfigurationPlatforms) = preSolution
		Debug|Any CPU = Debug|Any CPU
		Release|Any CPU = Release|Any CPU
	EndGlobalSection
	GlobalSection(ProjectConfigurationPlatforms) = postSolution
		{1D784885-B7C5-474E-BD4A-275D6C9FFF38}.Debug|Any CPU.ActiveCfg = Debug|Any CPU
		{1D784885-B7C5-474E-BD4A-275D6C9FFF38}.Debug|Any CPU.Build.0 = Debug|Any CPU
		{1D784885-B7C5-474E-BD4A-275D6C9FFF38}.Release|Any CPU.ActiveCfg = Release|Any CPU
		{1D784885-B7C5-474E-BD4A-275D6C9FFF38}.Release|Any CPU.Build.0 = Release|Any CPU
	EndGlobalSection
	GlobalSection(SolutionProperties) = preSolution
		HideSolutionNode = FALSE
	EndGlobalSection
	GlobalSection(ExtensibilityGlobals) = postSolution
		SolutionGuid = {CA2BAF70-06C1-45A1-8343-34953D0CD666}
	EndGlobalSection
EndGlobal
