
Microsoft Visual Studio Solution File, Format Version 12.00
# Visual Studio Version 17
VisualStudioVersion = 17.1.31911.260
MinimumVisualStudioVersion = 10.0.40219.1
Project("{FAE04EC0-301F-11D3-BF4B-00C04F79EFBC}") = "laba3", "laba3\laba3.csproj", "{104800C7-B69C-4840-9683-D42C7EED6D9C}"
EndProject
Global
	GlobalSection(SolutionConfigurationPlatforms) = preSolution
		Debug|Any CPU = Debug|Any CPU
		Release|Any CPU = Release|Any CPU
	EndGlobalSection
	GlobalSection(ProjectConfigurationPlatforms) = postSolution
		{104800C7-B69C-4840-9683-D42C7EED6D9C}.Debug|Any CPU.ActiveCfg = Debug|Any CPU
		{104800C7-B69C-4840-9683-D42C7EED6D9C}.Debug|Any CPU.Build.0 = Debug|Any CPU
		{104800C7-B69C-4840-9683-D42C7EED6D9C}.Release|Any CPU.ActiveCfg = Release|Any CPU
		{104800C7-B69C-4840-9683-D42C7EED6D9C}.Release|Any CPU.Build.0 = Release|Any CPU
	EndGlobalSection
	GlobalSection(SolutionProperties) = preSolution
		HideSolutionNode = FALSE
	EndGlobalSection
	GlobalSection(ExtensibilityGlobals) = postSolution
		SolutionGuid = {F581C543-4DFE-4B61-B442-330D1AB4C4BE}
	EndGlobalSection
EndGlobal
